{
  "lockfileVersion": 1,
  "configVersion": 0,
  "workspaces": {
    "": {
      "name": "cursor-api-bridge",
      "dependencies": {
        "@cursor/sdk": "^1.0.13",
      },
    },
  },
  "overrides": {
    "undici": "6.27.0",
  },
  "packages": {
    "@bufbuild/protobuf": ["@bufbuild/protobuf@1.10.0", "", {}, "sha512-QDdVFLoN93Zjg36NoQPZfsVH9tZew7wKDKyV5qRdj8ntT4wQCOradQjRaTdwMhWUYsgKsvCINKKm87FdEk96Ag=="],

    "@connectrpc/connect": ["@connectrpc/connect@1.7.0", "", { "peerDependencies": { "@bufbuild/protobuf": "^1.10.0" } }, "sha512-iNKdJRi69YP3mq6AePRT8F/HrxWCewrhxnLMNm0vpqXAR8biwzRtO6Hjx80C6UvtKJ5sFmffQT7I4Baecz389w=="],

    "@connectrpc/connect-node": ["@connectrpc/connect-node@1.7.0", "", { "dependencies": { "undici": "^5.28.4" }, "peerDependencies": { "@bufbuild/protobuf": "^1.10.0", "@connectrpc/connect": "1.7.0" } }, "sha512-6vaPIkG/NyhxlYgytLoR9KYbPhczEboFB2OYWkA9qvUz1K7efXfeGrlRxoLtpa+r8VxyIOw73w5ktNe743nD+A=="],

    "@connectrpc/connect-web": ["@connectrpc/connect-web@1.7.0", "", { "peerDependencies": { "@bufbuild/protobuf": "^1.10.0", "@connectrpc/connect": "1.7.0" } }, "sha512-qyP0YOnUPRWwCc/VfsoydMJvkb7EyUPr2q9sHgBuJzbADjiqck1gKH5V5ZPzPhTLBvmz5UvG+wiZ5sMRQHU1MQ=="],

    "@cursor/sdk": ["@cursor/sdk@1.0.21", "", { "dependencies": { "@bufbuild/protobuf": "1.10.0", "@connectrpc/connect": "^1.6.1", "@connectrpc/connect-node": "^1.6.1", "@connectrpc/connect-web": "^1.6.1", "@statsig/js-client": "3.31.0", "zod": "^3.25.0" }, "optionalDependencies": { "@cursor/sdk-darwin-arm64": "1.0.21", "@cursor/sdk-darwin-x64": "1.0.21", "@cursor/sdk-linux-arm64": "1.0.21", "@cursor/sdk-linux-x64": "1.0.21", "@cursor/sdk-win32-x64": "1.0.21" } }, "sha512-dPBBz+5VMaR+3lbYbWFn/JLXEwCwD2LP0ara/bYMVDJBiEJZodYI+pUPJkZDCVcThp/NybCR1EQO0RBDNE6WWQ=="],

    "@cursor/sdk-darwin-arm64": ["@cursor/sdk-darwin-arm64@1.0.21", "", { "os": "darwin", "cpu": "arm64", "bin": { "rg": "bin/rg" } }, "sha512-TFrSEPu4mE+MM0W5qj0EL1KWBnwJ4A/VChOzaa6fup6NU7p51W33Ymnvrr728qVqtYfIylxa0iMUSDx/zfaCgg=="],

    "@cursor/sdk-darwin-x64": ["@cursor/sdk-darwin-x64@1.0.21", "", { "os": "darwin", "cpu": "x64", "bin": { "rg": "bin/rg" } }, "sha512-yKPR/zPpU+3T3y5oB6YmzgZbKCEDdNQjKSbLedZhlXnCK4gTIocci4BxCkLugELwpttOdSdHq1eqbzJvOnMFmQ=="],

    "@cursor/sdk-linux-arm64": ["@cursor/sdk-linux-arm64@1.0.21", "", { "os": "linux", "cpu": "arm64", "bin": { "rg": "bin/rg" } }, "sha512-HVD65tMKh0nFihpfjIKTpHwQL9poboMrXq7mEg5uThuMMJ8zsvUdFgah+Tr6mWfDyNwC1/Y6b7U5KpP5rhRqyw=="],

    "@cursor/sdk-linux-x64": ["@cursor/sdk-linux-x64@1.0.21", "", { "os": "linux", "cpu": "x64", "bin": { "rg": "bin/rg" } }, "sha512-r42N9mBhPTRbTHQC/uMI3ykKD0rIOurB5x7el3qSyZ8UKT0doDdVbh98Hcvl6Y+CJWGE37fLbF0f5sVbofjSGw=="],

    "@cursor/sdk-win32-x64": ["@cursor/sdk-win32-x64@1.0.21", "", { "os": "win32", "cpu": "x64", "bin": { "rg": "bin/rg.exe" } }, "sha512-BrJDNncxNGBRnWsY5SPM4RfVy/fuF+hglHVWCVZvIpyuwlonTwm+VtISo1KEY86/BXRNpfBKffHBKmcv+opPYg=="],

    "@statsig/client-core": ["@statsig/client-core@3.31.0", "", {}, "sha512-SuxQD6TmVszPG7FoMKwTk/uyBuVFk7XnxI3T/E0uyb7PL7GNjONtfsoh+NqBBVUJVse0CUeSFfgJPoZy1ZOslQ=="],

    "@statsig/js-client": ["@statsig/js-client@3.31.0", "", { "dependencies": { "@statsig/client-core": "3.31.0" } }, "sha512-LFa5E0LjT6sTfZv3sNGoyRLSZ1078+agdgOA+Vm1ecjG+KbSOfBLTW7hMwimrJ29slRwbYDzbtKaPJo/R37N2g=="],

    "undici": ["undici@6.27.0", "", {}, "sha512-YmfV3YnEDzXRC5lZ2jWtWWHKGUm1zIt8AhesR1tens+HTNv+YZlN/dp6G727LOvMJ8xjP9Be7Y2Sdr96LDm+pg=="],

    "zod": ["zod@3.25.76", "", {}, "sha512-gzUt/qt81nXsFGKIFcC3YnfEAx5NkunCfnDlvuBSSFS02bcXu4Lmea0AFIUwbLWxWPx3d9p8S5QoaujKcNQxcQ=="],
  }
}
